// !$*UTF8*$!
{
	archiveVersion = 1;
	classes = {
	};
	objectVersion = 77;
	objects = {

/* Begin PBXBuildFile section */
		911A35552FDF9D6C00468A7E /* Swinject in Frameworks */ = {isa = PBXBuildFile; productRef = 911A35542FDF9D6C00468A7E /* Swinject */; };
/* End PBXBuildFile section */

/* Begin PBXContainerItemProxy section */
		911A350F2FDF27B000468A7E /* PBXContainerItemProxy */ = {
			isa = PBXContainerItemProxy;
			containerPortal = 911A34F42FDF27AF00468A7E /* Project object */;
			proxyType = 1;
			remoteGlobalIDString = 911A34FB2FDF27AF00468A7E;
			remoteInfo = "iOS-Rehersal";
		};
		911A35192FDF27B000468A7E /* PBXContainerItemProxy */ = {
			isa = PBXContainerItemProxy;
			containerPortal = 911A34F42FDF27AF00468A7E /* Project object */;
			proxyType = 1;
			remoteGlobalIDString = 911A34FB2FDF27AF00468A7E;
			remoteInfo = "iOS-Rehersal";
		};
/* End PBXContainerItemProxy section */

/* Begin PBXFileReference section */
		911A34FC2FDF27AF00468A7E /* iOS-Rehersal.app */ = {isa = PBXFileReference; explicitFileType = wrapper.application; includeInIndex = 0; path = "iOS-Rehersal.app"; sourceTree = BUILT_PRODUCTS_DIR; };
		911A350E2FDF27B000468A7E /* iOS-RehersalTests.xctest */ = {isa = PBXFileReference; explicitFileType = wrapper.cfbundle; includeInIndex = 0; path = "iOS-RehersalTests.xctest"; sourceTree = BUILT_PRODUCTS_DIR; };
		911A35182FDF27B000468A7E /* iOS-RehersalUITests.xctest */ = {isa = PBXFileReference; explicitFileType = wrapper.cfbundle; includeInIndex = 0; path = "iOS-RehersalUITests.xctest"; sourceTree = BUILT_PRODUCTS_DIR; };
/* End PBXFileReference section */

/* Begin PBXFileSystemSynchronizedRootGroup section */
		911A34FE2FDF27AF00468A7E /* iOS-Rehersal */ = {
			isa = PBXFileSystemSynchronizedRootGroup;
			path = "iOS-Rehersal";
			sourceTree = "<group>";
		};
		911A35112FDF27B000468A7E /* iOS-RehersalTests */ = {
			isa = PBXFileSystemSynchronizedRootGroup;
			path = "iOS-RehersalTests";
			sourceTree = "<group>";
		};
		911A351B2FDF27B000468A7E /* iOS-RehersalUITests */ = {
			isa = PBXFileSystemSynchronizedRootGroup;
			path = "iOS-RehersalUITests";
			sourceTree = "<group>";
		};
/* End PBXFileSystemSynchronizedRootGroup section */

/* Begin PBXFrameworksBuildPhase section */
		911A34F92FDF27AF00468A7E /* Frameworks */ = {
			isa = PBXFrameworksBuildPhase;
			buildActionMask = 2147483647;
			files = (
				911A35552FDF9D6C00468A7E /* Swinject in Frameworks */,
			);
			runOnlyForDeploymentPostprocessing = 0;
		};
		911A350B2FDF27B000468A7E /* Frameworks */ = {
			isa = PBXFrameworksBuildPhase;
			buildActionMask = 2147483647;
			files = (
			);
			runOnlyForDeploymentPostprocessing = 0;
		};
		911A35152FDF27B000468A7E /* Frameworks */ = {
			isa = PBXFrameworksBuildPhase;
			buildActionMask = 2147483647;
			files = (
			);
			runOnlyForDeploymentPostprocessing = 0;
		};
/* End PBXFrameworksBuildPhase section */

/* Begin PBXGroup section */
		911A34F32FDF27AF00468A7E = {
			isa = PBXGroup;
			children = (
				911A34FE2FDF27AF00468A7E /* iOS-Rehersal */,
				911A35112FDF27B000468A7E /* iOS-RehersalTests */,
				911A351B2FDF27B000468A7E /* iOS-RehersalUITests */,
				911A35532FDF9D6C00468A7E /* Frameworks */,
				911A34FD2FDF27AF00468A7E /* Products */,
			);
			sourceTree = "<group>";
		};
		911A34FD2FDF27AF00468A7E /* Products */ = {
			isa = PBXGroup;
			children = (
				911A34FC2FDF27AF00468A7E /* iOS-Rehersal.app */,
				911A350E2FDF27B000468A7E /* iOS-RehersalTests.xctest */,
				911A35182FDF27B000468A7E /* iOS-RehersalUITests.xctest */,
			);
			name = Products;
			sourceTree = "<group>";
		};
		911A35532FDF9D6C00468A7E /* Frameworks */ = {
			isa = PBXGroup;
			children = (
			);
			name = Frameworks;
			sourceTree = "<group>";
		};
/* End PBXGroup section */

/* Begin PBXNativeTarget section */
		911A34FB2FDF27AF00468A7E /* iOS-Rehersal */ = {
			isa = PBXNativeTarget;
			buildConfigurationList = 911A35222FDF27B000468A7E /* Build configuration list for PBXNativeTarget "iOS-Rehersal" */;
			buildPhases = (
				911A34F82FDF27AF00468A7E /* Sources */,
				911A34F92FDF27AF00468A7E /* Frameworks */,
				911A34FA2FDF27AF00468A7E /* Resources */,
			);
			buildRules = (
			);
			dependencies = (
			);
			fileSystemSynchronizedGroups = (
				911A34FE2FDF27AF00468A7E /* iOS-Rehersal */,
			);
			name = "iOS-Rehersal";
			packageProductDependencies = (
				911A35542FDF9D6C00468A7E /* Swinject */,
			);
			productName = "iOS-Rehersal";
			productReference = 911A34FC2FDF27AF00468A7E /* iOS-Rehersal.app */;
			productType = "com.apple.product-type.application";
		};
		911A350D2FDF27B000468A7E /* iOS-RehersalTests */ = {
			isa = PBXNativeTarget;
			buildConfigurationList = 911A35252FDF27B000468A7E /* Build configuration list for PBXNativeTarget "iOS-RehersalTests" */;
			buildPhases = (
				911A350A2FDF27B000468A7E /* Sources */,
				911A350B2FDF27B000468A7E /* Frameworks */,
				911A350C2FDF27B000468A7E /* Resources */,
			);
			buildRules = (
			);
			dependencies = (
				911A35102FDF27B000468A7E /* PBXTargetDependency */,
			);
			fileSystemSynchronizedGroups = (
				911A35112FDF27B000468A7E /* iOS-RehersalTests */,
			);
			name = "iOS-RehersalTests";
			packageProductDependencies = (
			);
			productName = "iOS-RehersalTests";
			productReference = 911A350E2FDF27B000468A7E /* iOS-RehersalTests.xctest */;
			productType = "com.apple.product-type.bundle.unit-test";
		};
		911A35172FDF27B000468A7E /* iOS-RehersalUITests */ = {
			isa = PBXNativeTarget;
			buildConfigurationList = 911A35282FDF27B000468A7E /* Build configuration list for PBXNativeTarget "iOS-RehersalUITests" */;
			buildPhases = (
				911A35142FDF27B000468A7E /* Sources */,
				911A35152FDF27B000468A7E /* Frameworks */,
				911A35162FDF27B000468A7E /* Resources */,
			);
			buildRules = (
			);
			dependencies = (
				911A351A2FDF27B000468A7E /* PBXTargetDependency */,
			);
			fileSystemSynchronizedGroups = (
				911A351B2FDF27B000468A7E /* iOS-RehersalUITests */,
			);
			name = "iOS-RehersalUITests";
			packageProductDependencies = (
			);
			productName = "iOS-RehersalUITests";
			productReference = 911A35182FDF27B000468A7E /* iOS-RehersalUITests.xctest */;
			productType = "com.apple.product-type.bundle.ui-testing";
		};
/* End PBXNativeTarget section */

/* Begin PBXProject section */
		911A34F42FDF27AF00468A7E /* Project object */ = {
			isa = PBXProject;
			attributes = {
				BuildIndependentTargetsInParallel = 1;
				LastSwiftUpdateCheck = 2630;
				LastUpgradeCheck = 2630;
				TargetAttributes = {
					911A34FB2FDF27AF00468A7E = {
						CreatedOnToolsVersion = 26.3;
					};
					911A350D2FDF27B000468A7E = {
						CreatedOnToolsVersion = 26.3;
						TestTargetID = 911A34FB2FDF27AF00468A7E;
					};
					911A35172FDF27B000468A7E = {
						CreatedOnToolsVersion = 26.3;
						TestTargetID = 911A34FB2FDF27AF00468A7E;
					};
				};
			};
			buildConfigurationList = 911A34F72FDF27AF00468A7E /* Build configuration list for PBXProject "iOS-Rehersal" */;
			developmentRegion = en;
			hasScannedForEncodings = 0;
			knownRegions = (
				en,
				Base,
			);
			mainGroup = 911A34F32FDF27AF00468A7E;
			minimizedProjectReferenceProxies = 1;
			packageReferences = (
				911A352B2FDF2C3600468A7E /* XCRemoteSwiftPackageReference "Swinject" */,
			);
			preferredProjectObjectVersion = 77;
			productRefGroup = 911A34FD2FDF27AF00468A7E /* Products */;
			projectDirPath = "";
			projectRoot = "";
			targets = (
				911A34FB2FDF27AF00468A7E /* iOS-Rehersal */,
				911A350D2FDF27B000468A7E /* iOS-RehersalTests */,
				911A35172FDF27B000468A7E /* iOS-RehersalUITests */,
			);
		};
/* End PBXProject section */

/* Begin PBXResourcesBuildPhase section */
		911A34FA2FDF27AF00468A7E /* Resources */ = {
			isa = PBXResourcesBuildPhase;
			buildActionMask = 2147483647;
			files = (
			);
			runOnlyForDeploymentPostprocessing = 0;
		};
		911A350C2FDF27B000468A7E /* Resources */ = {
			isa = PBXResourcesBuildPhase;
			buildActionMask = 2147483647;
			files = (
			);
			runOnlyForDeploymentPostprocessing = 0;
		};
		911A35162FDF27B000468A7E /* Resources */ = {
			isa = PBXResourcesBuildPhase;
			buildActionMask = 2147483647;
			files = (
			);
			runOnlyForDeploymentPostprocessing = 0;
		};
/* End PBXResourcesBuildPhase section */

/* Begin PBXSourcesBuildPhase section */
		911A34F82FDF27AF00468A7E /* Sources */ = {
			isa = PBXSourcesBuildPhase;
			buildActionMask = 2147483647;
			files = (
			);
			runOnlyForDeploymentPostprocessing = 0;
		};
		911A350A2FDF27B000468A7E /* Sources */ = {
			isa = PBXSourcesBuildPhase;
			buildActionMask = 2147483647;
			files = (
			);
			runOnlyForDeploymentPostprocessing = 0;
		};
		911A35142FDF27B000468A7E /* Sources */ = {
			isa = PBXSourcesBuildPhase;
			buildActionMask = 2147483647;
			files = (
			);
			runOnlyForDeploymentPostprocessing = 0;
		};
/* End PBXSourcesBuildPhase section */

/* Begin PBXTargetDependency section */
		911A35102FDF27B000468A7E /* PBXTargetDependency */ = {
			isa = PBXTargetDependency;
			target = 911A34FB2FDF27AF00468A7E /* iOS-Rehersal */;
			targetProxy = 911A350F2FDF27B000468A7E /* PBXContainerItemProxy */;
		};
		911A351A2FDF27B000468A7E /* PBXTargetDependency */ = {
			isa = PBXTargetDependency;
			target = 911A34FB2FDF27AF00468A7E /* iOS-Rehersal */;
			targetProxy = 911A35192FDF27B000468A7E /* PBXContainerItemProxy */;
		};
/* End PBXTargetDependency section */

/* Begin XCBuildConfiguration section */
		911A35202FDF27B000468A7E /* Debug */ = {
			isa = XCBuildConfiguration;
			buildSettings = {
				ALWAYS_SEARCH_USER_PATHS = NO;
				ASSETCATALOG_COMPILER_GENERATE_SWIFT_ASSET_SYMBOL_EXTENSIONS = YES;
				CLANG_ANALYZER_NONNULL = YES;
				CLANG_ANALYZER_NUMBER_OBJECT_CONVERSION = YES_AGGRESSIVE;
				CLANG_CXX_LANGUAGE_STANDARD = "gnu++20";
				CLANG_ENABLE_MODULES = YES;
				CLANG_ENABLE_OBJC_ARC = YES;
				CLANG_ENABLE_OBJC_WEAK = YES;
				CLANG_WARN_BLOCK_CAPTURE_AUTORELEASING = YES;
				CLANG_WARN_BOOL_CONVERSION = YES;
				CLANG_WARN_COMMA = YES;
				CLANG_WARN_CONSTANT_CONVERSION = YES;
				CLANG_WARN_DEPRECATED_OBJC_IMPLEMENTATIONS = YES;
				CLANG_WARN_DIRECT_OBJC_ISA_USAGE = YES_ERROR;
				CLANG_WARN_DOCUMENTATION_COMMENTS = YES;
				CLANG_WARN_EMPTY_BODY = YES;
				CLANG_WARN_ENUM_CONVERSION = YES;
				CLANG_WARN_INFINITE_RECURSION = YES;
				CLANG_WARN_INT_CONVERSION = YES;
				CLANG_WARN_NON_LITERAL_NULL_CONVERSION = YES;
				CLANG_WARN_OBJC_IMPLICIT_RETAIN_SELF = YES;
				CLANG_WARN_OBJC_LITERAL_CONVERSION = YES;
				CLANG_WARN_OBJC_ROOT_CLASS = YES_ERROR;
				CLANG_WARN_QUOTED_INCLUDE_IN_FRAMEWORK_HEADER = YES;
				CLANG_WARN_RANGE_LOOP_ANALYSIS = YES;
				CLANG_WARN_STRICT_PROTOTYPES = YES;
				CLANG_WARN_SUSPICIOUS_MOVE = YES;
				CLANG_WARN_UNGUARDED_AVAILABILITY = YES_AGGRESSIVE;
				CLANG_WARN_UNREACHABLE_CODE = YES;
				CLANG_WARN__DUPLICATE_METHOD_MATCH = YES;
				COPY_PHASE_STRIP = NO;
				DEBUG_INFORMATION_FORMAT = dwarf;
				DEVELOPMENT_TEAM = 5465HQX6TV;
				ENABLE_STRICT_OBJC_MSGSEND = YES;
				ENABLE_TESTABILITY = YES;
				ENABLE_USER_SCRIPT_SANDBOXING = YES;
				GCC_C_LANGUAGE_STANDARD = gnu17;
				GCC_DYNAMIC_NO_PIC = NO;
				GCC_NO_COMMON_BLOCKS = YES;
				GCC_OPTIMIZATION_LEVEL = 0;
				GCC_PREPROCESSOR_DEFINITIONS = (
					"DEBUG=1",
					"$(inherited)",
				);
				GCC_WARN_64_TO_32_BIT_CONVERSION = YES;
				GCC_WARN_ABOUT_RETURN_TYPE = YES_ERROR;
				GCC_WARN_UNDECLARED_SELECTOR = YES;
				GCC_WARN_UNINITIALIZED_AUTOS = YES_AGGRESSIVE;
				GCC_WARN_UNUSED_FUNCTION = YES;
				GCC_WARN_UNUSED_VARIABLE = YES;
				IPHONEOS_DEPLOYMENT_TARGET = 26.2;
				LOCALIZATION_PREFERS_STRING_CATALOGS = YES;
				MTL_ENABLE_DEBUG_INFO = INCLUDE_SOURCE;
				MTL_FAST_MATH = YES;
				ONLY_ACTIVE_ARCH = YES;
				SDKROOT = iphoneos;
				SWIFT_ACTIVE_COMPILATION_CONDITIONS = "DEBUG $(inherited)";
				SWIFT_OPTIMIZATION_LEVEL = "-Onone";
			};
			name = Debug;
		};
		911A35212FDF27B000468A7E /* Release */ = {
			isa = XCBuildConfiguration;
			buildSettings = {
				ALWAYS_SEARCH_USER_PATHS = NO;
				ASSETCATALOG_COMPILER_GENERATE_SWIFT_ASSET_SYMBOL_EXTENSIONS = YES;
				CLANG_ANALYZER_NONNULL = YES;
				CLANG_ANALYZER_NUMBER_OBJECT_CONVERSION = YES_AGGRESSIVE;
				CLANG_CXX_LANGUAGE_STANDARD = "gnu++20";
				CLANG_ENABLE_MODULES = YES;
				CLANG_ENABLE_OBJC_ARC = YES;
				CLANG_ENABLE_OBJC_WEAK = YES;
				CLANG_WARN_BLOCK_CAPTURE_AUTORELEASING = YES;
				CLANG_WARN_BOOL_CONVERSION = YES;
				CLANG_WARN_COMMA = YES;
				CLANG_WARN_CONSTANT_CONVERSION = YES;
				CLANG_WARN_DEPRECATED_OBJC_IMPLEMENTATIONS = YES;
				CLANG_WARN_DIRECT_OBJC_ISA_USAGE = YES_ERROR;
				CLANG_WARN_DOCUMENTATION_COMMENTS = YES;
				CLANG_WARN_EMPTY_BODY = YES;
				CLANG_WARN_ENUM_CONVERSION = YES;
				CLANG_WARN_INFINITE_RECURSION = YES;
				CLANG_WARN_INT_CONVERSION = YES;
				CLANG_WARN_NON_LITERAL_NULL_CONVERSION = YES;
				CLANG_WARN_OBJC_IMPLICIT_RETAIN_SELF = YES;
				CLANG_WARN_OBJC_LITERAL_CONVERSION = YES;
				CLANG_WARN_OBJC_ROOT_CLASS = YES_ERROR;
				CLANG_WARN_QUOTED_INCLUDE_IN_FRAMEWORK_HEADER = YES;
				CLANG_WARN_RANGE_LOOP_ANALYSIS = YES;
				CLANG_WARN_STRICT_PROTOTYPES = YES;
				CLANG_WARN_SUSPICIOUS_MOVE = YES;
				CLANG_WARN_UNGUARDED_AVAILABILITY = YES_AGGRESSIVE;
				CLANG_WARN_UNREACHABLE_CODE = YES;
				CLANG_WARN__DUPLICATE_METHOD_MATCH = YES;
				COPY_PHASE_STRIP = NO;
				DEBUG_INFORMATION_FORMAT = "dwarf-with-dsym";
				DEVELOPMENT_TEAM = 5465HQX6TV;
				ENABLE_NS_ASSERTIONS = NO;
				ENABLE_STRICT_OBJC_MSGSEND = YES;
				ENABLE_USER_SCRIPT_SANDBOXING = YES;
				GCC_C_LANGUAGE_STANDARD = gnu17;
				GCC_NO_COMMON_BLOCKS = YES;
				GCC_WARN_64_TO_32_BIT_CONVERSION = YES;
				GCC_WARN_ABOUT_RETURN_TYPE = YES_ERROR;
				GCC_WARN_UNDECLARED_SELECTOR = YES;
				GCC_WARN_UNINITIALIZED_AUTOS = YES_AGGRESSIVE;
				GCC_WARN_UNUSED_FUNCTION = YES;
				GCC_WARN_UNUSED_VARIABLE = YES;
				IPHONEOS_DEPLOYMENT_TARGET = 26.2;
				LOCALIZATION_PREFERS_STRING_CATALOGS = YES;
				MTL_ENABLE_DEBUG_INFO = NO;
				MTL_FAST_MATH = YES;
				SDKROOT = iphoneos;
				SWIFT_COMPILATION_MODE = wholemodule;
				VALIDATE_PRODUCT = YES;
			};
			name = Release;
		};
		911A35232FDF27B000468A7E /* Debug */ = {
			isa = XCBuildConfiguration;
			buildSettings = {
				ASSETCATALOG_COMPILER_APPICON_NAME = AppIcon;
				ASSETCATALOG_COMPILER_GLOBAL_ACCENT_COLOR_NAME = AccentColor;
				CODE_SIGN_STYLE = Automatic;
				CURRENT_PROJECT_VERSION = 1;
				DEVELOPMENT_TEAM = 5465HQX6TV;
				ENABLE_PREVIEWS = YES;
				GENERATE_INFOPLIST_FILE = YES;
				INFOPLIST_FILE = "iOS-Rehersal/Info.plist";
				INFOPLIST_KEY_NSFaceIDUsageDescription = "Esta aplicación requiere Face ID para desbloquear tus personajes favoritos.";
				INFOPLIST_KEY_UIApplicationSceneManifest_Generation = YES;
				INFOPLIST_KEY_UIApplicationSupportsIndirectInputEvents = YES;
				INFOPLIST_KEY_UILaunchScreen_Generation = YES;
				INFOPLIST_KEY_UISupportedInterfaceOrientations_iPad = "UIInterfaceOrientationPortrait UIInterfaceOrientationPortraitUpsideDown UIInterfaceOrientationLandscapeLeft UIInterfaceOrientationLandscapeRight";
				INFOPLIST_KEY_UISupportedInterfaceOrientations_iPhone = "UIInterfaceOrientationPortrait UIInterfaceOrientationLandscapeLeft UIInterfaceOrientationLandscapeRight";
				IPHONEOS_DEPLOYMENT_TARGET = 17.6;
				LD_RUNPATH_SEARCH_PATHS = (
					"$(inherited)",
					"@executable_path/Frameworks",
				);
				MARKETING_VERSION = 1.0;
				PRODUCT_BUNDLE_IDENTIFIER = "com.Ruben.iOS-Rehersal";
				PRODUCT_NAME = "$(TARGET_NAME)";
				STRING_CATALOG_GENERATE_SYMBOLS = YES;
				SWIFT_APPROACHABLE_CONCURRENCY = YES;
				SWIFT_DEFAULT_ACTOR_ISOLATION = MainActor;
				SWIFT_EMIT_LOC_STRINGS = YES;
				SWIFT_UPCOMING_FEATURE_MEMBER_IMPORT_VISIBILITY = YES;
				SWIFT_VERSION = 5.0;
				TARGETED_DEVICE_FAMILY = "1,2";
			};
			name = Debug;
		};
		911A35242FDF27B000468A7E /* Release */ = {
			isa = XCBuildConfiguration;
			buildSettings = {
				ASSETCATALOG_COMPILER_APPICON_NAME = AppIcon;
				ASSETCATALOG_COMPILER_GLOBAL_ACCENT_COLOR_NAME = AccentColor;
				CODE_SIGN_STYLE = Automatic;
				CURRENT_PROJECT_VERSION = 1;
				DEVELOPMENT_TEAM = 5465HQX6TV;
				ENABLE_PREVIEWS = YES;
				GENERATE_INFOPLIST_FILE = YES;
				INFOPLIST_FILE = "iOS-Rehersal/Info.plist";
				INFOPLIST_KEY_NSFaceIDUsageDescription = "Esta aplicación requiere Face ID para desbloquear tus personajes favoritos.";
				INFOPLIST_KEY_UIApplicationSceneManifest_Generation = YES;
				INFOPLIST_KEY_UIApplicationSupportsIndirectInputEvents = YES;
				INFOPLIST_KEY_UILaunchScreen_Generation = YES;
				INFOPLIST_KEY_UISupportedInterfaceOrientations_iPad = "UIInterfaceOrientationPortrait UIInterfaceOrientationPortraitUpsideDown UIInterfaceOrientationLandscapeLeft UIInterfaceOrientationLandscapeRight";
				INFOPLIST_KEY_UISupportedInterfaceOrientations_iPhone = "UIInterfaceOrientationPortrait UIInterfaceOrientationLandscapeLeft UIInterfaceOrientationLandscapeRight";
				IPHONEOS_DEPLOYMENT_TARGET = 17.6;
				LD_RUNPATH_SEARCH_PATHS = (
					"$(inherited)",
					"@executable_path/Frameworks",
				);
				MARKETING_VERSION = 1.0;
				PRODUCT_BUNDLE_IDENTIFIER = "com.Ruben.iOS-Rehersal";
				PRODUCT_NAME = "$(TARGET_NAME)";
				STRING_CATALOG_GENERATE_SYMBOLS = YES;
				SWIFT_APPROACHABLE_CONCURRENCY = YES;
				SWIFT_DEFAULT_ACTOR_ISOLATION = MainActor;
				SWIFT_EMIT_LOC_STRINGS = YES;
				SWIFT_UPCOMING_FEATURE_MEMBER_IMPORT_VISIBILITY = YES;
				SWIFT_VERSION = 5.0;
				TARGETED_DEVICE_FAMILY = "1,2";
			};
			name = Release;
		};
		911A35262FDF27B000468A7E /* Debug */ = {
			isa = XCBuildConfiguration;
			buildSettings = {
				BUNDLE_LOADER = "$(TEST_HOST)";
				CODE_SIGN_STYLE = Automatic;
				CURRENT_PROJECT_VERSION = 1;
				DEVELOPMENT_TEAM = 5465HQX6TV;
				GENERATE_INFOPLIST_FILE = YES;
				IPHONEOS_DEPLOYMENT_TARGET = 26.2;
				MARKETING_VERSION = 1.0;
				PRODUCT_BUNDLE_IDENTIFIER = "com.Ruben.iOS-RehersalTests";
				PRODUCT_NAME = "$(TARGET_NAME)";
				STRING_CATALOG_GENERATE_SYMBOLS = NO;
				SWIFT_APPROACHABLE_CONCURRENCY = YES;
				SWIFT_EMIT_LOC_STRINGS = NO;
				SWIFT_UPCOMING_FEATURE_MEMBER_IMPORT_VISIBILITY = YES;
				SWIFT_VERSION = 5.0;
				TARGETED_DEVICE_FAMILY = "1,2";
				TEST_HOST = "$(BUILT_PRODUCTS_DIR)/iOS-Rehersal.app/$(BUNDLE_EXECUTABLE_FOLDER_PATH)/iOS-Rehersal";
			};
			name = Debug;
		};
		911A35272FDF27B000468A7E /* Release */ = {
			isa = XCBuildConfiguration;
			buildSettings = {
				BUNDLE_LOADER = "$(TEST_HOST)";
				CODE_SIGN_STYLE = Automatic;
				CURRENT_PROJECT_VERSION = 1;
				DEVELOPMENT_TEAM = 5465HQX6TV;
				GENERATE_INFOPLIST_FILE = YES;
				IPHONEOS_DEPLOYMENT_TARGET = 26.2;
				MARKETING_VERSION = 1.0;
				PRODUCT_BUNDLE_IDENTIFIER = "com.Ruben.iOS-RehersalTests";
				PRODUCT_NAME = "$(TARGET_NAME)";
				STRING_CATALOG_GENERATE_SYMBOLS = NO;
				SWIFT_APPROACHABLE_CONCURRENCY = YES;
				SWIFT_EMIT_LOC_STRINGS = NO;
				SWIFT_UPCOMING_FEATURE_MEMBER_IMPORT_VISIBILITY = YES;
				SWIFT_VERSION = 5.0;
				TARGETED_DEVICE_FAMILY = "1,2";
				TEST_HOST = "$(BUILT_PRODUCTS_DIR)/iOS-Rehersal.app/$(BUNDLE_EXECUTABLE_FOLDER_PATH)/iOS-Rehersal";
			};
			name = Release;
		};
		911A35292FDF27B000468A7E /* Debug */ = {
			isa = XCBuildConfiguration;
			buildSettings = {
				CODE_SIGN_STYLE = Automatic;
				CURRENT_PROJECT_VERSION = 1;
				DEVELOPMENT_TEAM = 5465HQX6TV;
				GENERATE_INFOPLIST_FILE = YES;
				MARKETING_VERSION = 1.0;
				PRODUCT_BUNDLE_IDENTIFIER = "com.Ruben.iOS-RehersalUITests";
				PRODUCT_NAME = "$(TARGET_NAME)";
				STRING_CATALOG_GENERATE_SYMBOLS = NO;
				SWIFT_APPROACHABLE_CONCURRENCY = YES;
				SWIFT_EMIT_LOC_STRINGS = NO;
				SWIFT_UPCOMING_FEATURE_MEMBER_IMPORT_VISIBILITY = YES;
				SWIFT_VERSION = 5.0;
				TARGETED_DEVICE_FAMILY = "1,2";
				TEST_TARGET_NAME = "iOS-Rehersal";
			};
			name = Debug;
		};
		911A352A2FDF27B000468A7E /* Release */ = {
			isa = XCBuildConfiguration;
			buildSettings = {
				CODE_SIGN_STYLE = Automatic;
				CURRENT_PROJECT_VERSION = 1;
				DEVELOPMENT_TEAM = 5465HQX6TV;
				GENERATE_INFOPLIST_FILE = YES;
				MARKETING_VERSION = 1.0;
				PRODUCT_BUNDLE_IDENTIFIER = "com.Ruben.iOS-RehersalUITests";
				PRODUCT_NAME = "$(TARGET_NAME)";
				STRING_CATALOG_GENERATE_SYMBOLS = NO;
				SWIFT_APPROACHABLE_CONCURRENCY = YES;
				SWIFT_EMIT_LOC_STRINGS = NO;
				SWIFT_UPCOMING_FEATURE_MEMBER_IMPORT_VISIBILITY = YES;
				SWIFT_VERSION = 5.0;
				TARGETED_DEVICE_FAMILY = "1,2";
				TEST_TARGET_NAME = "iOS-Rehersal";
			};
			name = Release;
		};
/* End XCBuildConfiguration section */

/* Begin XCConfigurationList section */
		911A34F72FDF27AF00468A7E /* Build configuration list for PBXProject "iOS-Rehersal" */ = {
			isa = XCConfigurationList;
			buildConfigurations = (
				911A35202FDF27B000468A7E /* Debug */,
				911A35212FDF27B000468A7E /* Release */,
			);
			defaultConfigurationIsVisible = 0;
			defaultConfigurationName = Release;
		};
		911A35222FDF27B000468A7E /* Build configuration list for PBXNativeTarget "iOS-Rehersal" */ = {
			isa = XCConfigurationList;
			buildConfigurations = (
				911A35232FDF27B000468A7E /* Debug */,
				911A35242FDF27B000468A7E /* Release */,
			);
			defaultConfigurationIsVisible = 0;
			defaultConfigurationName = Release;
		};
		911A35252FDF27B000468A7E /* Build configuration list for PBXNativeTarget "iOS-RehersalTests" */ = {
			isa = XCConfigurationList;
			buildConfigurations = (
				911A35262FDF27B000468A7E /* Debug */,
				911A35272FDF27B000468A7E /* Release */,
			);
			defaultConfigurationIsVisible = 0;
			defaultConfigurationName = Release;
		};
		911A35282FDF27B000468A7E /* Build configuration list for PBXNativeTarget "iOS-RehersalUITests" */ = {
			isa = XCConfigurationList;
			buildConfigurations = (
				911A35292FDF27B000468A7E /* Debug */,
				911A352A2FDF27B000468A7E /* Release */,
			);
			defaultConfigurationIsVisible = 0;
			defaultConfigurationName = Release;
		};
/* End XCConfigurationList section */

/* Begin XCRemoteSwiftPackageReference section */
		911A352B2FDF2C3600468A7E /* XCRemoteSwiftPackageReference "Swinject" */ = {
			isa = XCRemoteSwiftPackageReference;
			repositoryURL = "https://github.com/Swinject/Swinject.git";
			requirement = {
				kind = exactVersion;
				version = 2.10.0;
			};
		};
/* End XCRemoteSwiftPackageReference section */

/* Begin XCSwiftPackageProductDependency section */
		911A35542FDF9D6C00468A7E /* Swinject */ = {
			isa = XCSwiftPackageProductDependency;
			package = 911A352B2FDF2C3600468A7E /* XCRemoteSwiftPackageReference "Swinject" */;
			productName = Swinject;
		};
/* End XCSwiftPackageProductDependency section */
	};
	rootObject = 911A34F42FDF27AF00468A7E /* Project object */;
}
